// !$*UTF8*$!
{
	archiveVersion = 1;
	classes = {
	};
	objectVersion = 51;
	objects = {

/* Begin PBXBuildFile section */
		18EB654322DF869C005F722B /* AppDelegate.swift in Sources */ = {isa = PBXBuildFile; fileRef = 18EB654222DF869C005F722B /* AppDelegate.swift */; };
		18EB654522DF869C005F722B /* ViewController.swift in Sources */ = {isa = PBXBuildFile; fileRef = 18EB654422DF869C005F722B /* ViewController.swift */; };
		18EB654822DF869C005F722B /* Main.storyboard in Resources */ = {isa = PBXBuildFile; fileRef = 18EB654622DF869C005F722B /* Main.storyboard */; };
		18EB654B22DF869C005F722B /* finalProject.xcdatamodeld in Sources */ = {isa = PBXBuildFile; fileRef = 18EB654922DF869C005F722B /* finalProject.xcdatamodeld */; };
		18EB654D22DF869E005F722B /* Assets.xcassets in Resources */ = {isa = PBXBuildFile; fileRef = 18EB654C22DF869E005F722B /* Assets.xcassets */; };
		18EB655022DF869E005F722B /* LaunchScreen.storyboard in Resources */ = {isa = PBXBuildFile; fileRef = 18EB654E22DF869E005F722B /* LaunchScreen.storyboard */; };
		18EB655822DF8DE9005F722B /* CategoryViewController.swift in Sources */ = {isa = PBXBuildFile; fileRef = 18EB655722DF8DE9005F722B /* CategoryViewController.swift */; };
		18EB655A22DFB4FE005F722B /* ItemTableViewController.swift in Sources */ = {isa = PBXBuildFile; fileRef = 18EB655922DFB4FE005F722B /* ItemTableViewController.swift */; };
		18EB655C22DFB51A005F722B /* AlbumsTableViewController.swift in Sources */ = {isa = PBXBuildFile; fileRef = 18EB655B22DFB51A005F722B /* AlbumsTableViewController.swift */; };
/* End PBXBuildFile section */

/* Begin PBXFileReference section */
		18EB653F22DF869C005F722B /* finalProject.app */ = {isa = PBXFileReference; explicitFileType = wrapper.application; includeInIndex = 0; path = finalProject.app; sourceTree = BUILT_PRODUCTS_DIR; };
		18EB654222DF869C005F722B /* AppDelegate.swift */ = {isa = PBXFileReference; lastKnownFileType = sourcecode.swift; path = AppDelegate.swift; sourceTree = "<group>"; };
		18EB654422DF869C005F722B /* ViewController.swift */ = {isa = PBXFileReference; lastKnownFileType = sourcecode.swift; path = ViewController.swift; sourceTree = "<group>"; };
		18EB654722DF869C005F722B /* Base */ = {isa = PBXFileReference; lastKnownFileType = file.storyboard; name = Base; path = Base.lproj/Main.storyboard; sourceTree = "<group>"; };
		18EB654A22DF869C005F722B /* finalProject.xcdatamodel */ = {isa = PBXFileReference; lastKnownFileType = wrapper.xcdatamodel; path = finalProject.xcdatamodel; sourceTree = "<group>"; };
		18EB654C22DF869E005F722B /* Assets.xcassets */ = {isa = PBXFileReference; lastKnownFileType = folder.assetcatalog; path = Assets.xcassets; sourceTree = "<group>"; };
		18EB654F22DF869E005F722B /* Base */ = {isa = PBXFileReference; lastKnownFileType = file.storyboard; name = Base; path = Base.lproj/LaunchScreen.storyboard; sourceTree = "<group>"; };
		18EB655122DF869E005F722B /* Info.plist */ = {isa = PBXFileReference; lastKnownFileType = text.plist.xml; path = Info.plist; sourceTree = "<group>"; };
		18EB655722DF8DE9005F722B /* CategoryViewController.swift */ = {isa = PBXFileReference; lastKnownFileType = sourcecode.swift; path = CategoryViewController.swift; sourceTree = "<group>"; };
		18EB655922DFB4FE005F722B /* ItemTableViewController.swift */ = {isa = PBXFileReference; lastKnownFileType = sourcecode.swift; path = ItemTableViewController.swift; sourceTree = "<group>"; };
		18EB655B22DFB51A005F722B /* AlbumsTableViewController.swift */ = {isa = PBXFileReference; lastKnownFileType = sourcecode.swift; path = AlbumsTableViewController.swift; sourceTree = "<group>"; };
/* End PBXFileReference section */

/* Begin PBXFrameworksBuildPhase section */
		18EB653C22DF869C005F722B /* Frameworks */ = {
			isa = PBXFrameworksBuildPhase;
			buildActionMask = 2147483647;
			files = (
			);
			runOnlyForDeploymentPostprocessing = 0;
		};
/* End PBXFrameworksBuildPhase section */

/* Begin PBXGroup section */
		18EB653622DF869C005F722B = {
			isa = PBXGroup;
			children = (
				18EB654122DF869C005F722B /* finalProject */,
				18EB654022DF869C005F722B /* Products */,
			);
			sourceTree = "<group>";
		};
		18EB654022DF869C005F722B /* Products */ = {
			isa = PBXGroup;
			children = (
				18EB653F22DF869C005F722B /* finalProject.app */,
			);
			name = Products;
			sourceTree = "<group>";
		};
		18EB654122DF869C005F722B /* finalProject */ = {
			isa = PBXGroup;
			children = (
				18EB654222DF869C005F722B /* AppDelegate.swift */,
				18EB654422DF869C005F722B /* ViewController.swift */,
				18EB654622DF869C005F722B /* Main.storyboard */,
				18EB655B22DFB51A005F722B /* AlbumsTableViewController.swift */,
				18EB655922DFB4FE005F722B /* ItemTableViewController.swift */,
				18EB654C22DF869E005F722B /* Assets.xcassets */,
				18EB654E22DF869E005F722B /* LaunchScreen.storyboard */,
				18EB655122DF869E005F722B /* Info.plist */,
				18EB654922DF869C005F722B /* finalProject.xcdatamodeld */,
				18EB655722DF8DE9005F722B /* CategoryViewController.swift */,
			);
			path = finalProject;
			sourceTree = "<group>";
		};
/* End PBXGroup section */

/* Begin PBXNativeTarget section */
		18EB653E22DF869C005F722B /* finalProject */ = {
			isa = PBXNativeTarget;
			buildConfigurationList = 18EB655422DF869E005F722B /* Build configuration list for PBXNativeTarget "finalProject" */;
			buildPhases = (
				ABDE8979DB13A914338E7E8D /* [CP] Check Pods Manifest.lock */,
				18EB653B22DF869C005F722B /* Sources */,
				18EB653C22DF869C005F722B /* Frameworks */,
				18EB653D22DF869C005F722B /* Resources */,
				3E4FE61CFF77D4FFF44ED25E /* [CP] Embed Pods Frameworks */,
			);
			buildRules = (
			);
			dependencies = (
			);
			name = finalProject;
			productName = finalProject;
			productReference = 18EB653F22DF869C005F722B /* finalProject.app */;
			productType = "com.apple.product-type.application";
		};
/* End PBXNativeTarget section */

/* Begin PBXProject section */
		18EB653722DF869C005F722B /* Project object */ = {
			isa = PBXProject;
			attributes = {
				LastSwiftUpdateCheck = 1020;
				LastUpgradeCheck = 1020;
				ORGANIZATIONNAME = Apple;
				TargetAttributes = {
					18EB653E22DF869C005F722B = {
						CreatedOnToolsVersion = 10.2.1;
					};
				};
			};
			buildConfigurationList = 18EB653A22DF869C005F722B /* Build configuration list for PBXProject "finalProject" */;
			compatibilityVersion = "Xcode 9.3";
			developmentRegion = en;
			hasScannedForEncodings = 0;
			knownRegions = (
				en,
				Base,
			);
			mainGroup = 18EB653622DF869C005F722B;
			productRefGroup = 18EB654022DF869C005F722B /* Products */;
			projectDirPath = "";
			projectRoot = "";
			targets = (
				18EB653E22DF869C005F722B /* finalProject */,
			);
		};
/* End PBXProject section */

/* Begin PBXResourcesBuildPhase section */
		18EB653D22DF869C005F722B /* Resources */ = {
			isa = PBXResourcesBuildPhase;
			buildActionMask = 2147483647;
			files = (
				18EB655022DF869E005F722B /* LaunchScreen.storyboard in Resources */,
				18EB654D22DF869E005F722B /* Assets.xcassets in Resources */,
				18EB654822DF869C005F722B /* Main.storyboard in Resources */,
			);
			runOnlyForDeploymentPostprocessing = 0;
		};
/* End PBXResourcesBuildPhase section */

/* Begin PBXShellScriptBuildPhase section */
		3E4FE61CFF77D4FFF44ED25E /* [CP] Embed Pods Frameworks */ = {
			isa = PBXShellScriptBuildPhase;
			buildActionMask = 2147483647;
			files = (
			);
			inputFileListPaths = (
				"${PODS_ROOT}/Target Support Files/Pods-finalProject/Pods-finalProject-frameworks-${CONFIGURATION}-input-files.xcfilelist",
			);
			name = "[CP] Embed Pods Frameworks";
			outputFileListPaths = (
				"${PODS_ROOT}/Target Support Files/Pods-finalProject/Pods-finalProject-frameworks-${CONFIGURATION}-output-files.xcfilelist",
			);
			runOnlyForDeploymentPostprocessing = 0;
			shellPath = /bin/sh;
			shellScript = "\"${PODS_ROOT}/Target Support Files/Pods-finalProject/Pods-finalProject-frameworks.sh\"\n";
			showEnvVarsInLog = 0;
		};
		ABDE8979DB13A914338E7E8D /* [CP] Check Pods Manifest.lock */ = {
			isa = PBXShellScriptBuildPhase;
			buildActionMask = 2147483647;
			files = (
			);
			inputFileListPaths = (
			);
			inputPaths = (
				"${PODS_PODFILE_DIR_PATH}/Podfile.lock",
				"${PODS_ROOT}/Manifest.lock",
			);
			name = "[CP] Check Pods Manifest.lock";
			outputFileListPaths = (
			);
			outputPaths = (
				"$(DERIVED_FILE_DIR)/Pods-finalProject-checkManifestLockResult.txt",
			);
			runOnlyForDeploymentPostprocessing = 0;
			shellPath = /bin/sh;
			shellScript = "diff \"${PODS_PODFILE_DIR_PATH}/Podfile.lock\" \"${PODS_ROOT}/Manifest.lock\" > /dev/null\nif [ $? != 0 ] ; then\n    # print error to STDERR\n    echo \"error: The sandbox is not in sync with the Podfile.lock. Run 'pod install' or update your CocoaPods installation.\" >&2\n    exit 1\nfi\n# This output is used by Xcode 'outputs' to avoid re-running this script phase.\necho \"SUCCESS\" > \"${SCRIPT_OUTPUT_FILE_0}\"\n";
			showEnvVarsInLog = 0;
		};
/* End PBXShellScriptBuildPhase section */

/* Begin PBXSourcesBuildPhase section */
		18EB653B22DF869C005F722B /* Sources */ = {
			isa = PBXSourcesBuildPhase;
			buildActionMask = 2147483647;
			files = (
				18EB655A22DFB4FE005F722B /* ItemTableViewController.swift in Sources */,
				18EB655C22DFB51A005F722B /* AlbumsTableViewController.swift in Sources */,
				18EB655822DF8DE9005F722B /* CategoryViewController.swift in Sources */,
				18EB654522DF869C005F722B /* ViewController.swift in Sources */,
				18EB654B22DF869C005F722B /* finalProject.xcdatamodeld in Sources */,
				18EB654322DF869C005F722B /* AppDelegate.swift in Sources */,
			);
			runOnlyForDeploymentPostprocessing = 0;
		};
/* End PBXSourcesBuildPhase section */

/* Begin PBXVariantGroup section */
		18EB654622DF869C005F722B /* Main.storyboard */ = {
			isa = PBXVariantGroup;
			children = (
				18EB654722DF869C005F722B /* Base */,
			);
			name = Main.storyboard;
			sourceTree = "<group>";
		};
		18EB654E22DF869E005F722B /* LaunchScreen.storyboard */ = {
			isa = PBXVariantGroup;
			children = (
				18EB654F22DF869E005F722B /* Base */,
			);
			name = LaunchScreen.storyboard;
			sourceTree = "<group>";
		};
/* End PBXVariantGroup section */

/* Begin XCBuildConfiguration section */
		18EB655222DF869E005F722B /* Debug */ = {
			isa = XCBuildConfiguration;
			buildSettings = {
				ALWAYS_SEARCH_USER_PATHS = NO;
				CLANG_ANALYZER_NONNULL = YES;
				CLANG_ANALYZER_NUMBER_OBJECT_CONVERSION = YES_AGGRESSIVE;
				CLANG_CXX_LANGUAGE_STANDARD = "gnu++14";
				CLANG_CXX_LIBRARY = "libc++";
				CLANG_ENABLE_MODULES = YES;
				CLANG_ENABLE_OBJC_ARC = YES;
				CLANG_ENABLE_OBJC_WEAK = YES;
				CLANG_WARN_BLOCK_CAPTURE_AUTORELEASING = YES;
				CLANG_WARN_BOOL_CONVERSION = YES;
				CLANG_WARN_COMMA = YES;
				CLANG_WARN_CONSTANT_CONVERSION = YES;
				CLANG_WARN_DEPRECATED_OBJC_IMPLEMENTATIONS = YES;
				CLANG_WARN_DIRECT_OBJC_ISA_USAGE = YES_ERROR;
				CLANG_WARN_DOCUMENTATION_COMMENTS = YES;
				CLANG_WARN_EMPTY_BODY = YES;
				CLANG_WARN_ENUM_CONVERSION = YES;
				CLANG_WARN_INFINITE_RECURSION = YES;
				CLANG_WARN_INT_CONVERSION = YES;
				CLANG_WARN_NON_LITERAL_NULL_CONVERSION = YES;
				CLANG_WARN_OBJC_IMPLICIT_RETAIN_SELF = YES;
				CLANG_WARN_OBJC_LITERAL_CONVERSION = YES;
				CLANG_WARN_OBJC_ROOT_CLASS = YES_ERROR;
				CLANG_WARN_RANGE_LOOP_ANALYSIS = YES;
				CLANG_WARN_STRICT_PROTOTYPES = YES;
				CLANG_WARN_SUSPICIOUS_MOVE = YES;
				CLANG_WARN_UNGUARDED_AVAILABILITY = YES_AGGRESSIVE;
				CLANG_WARN_UNREACHABLE_CODE = YES;
				CLANG_WARN__DUPLICATE_METHOD_MATCH = YES;
				CODE_SIGN_IDENTITY = "iPhone Developer";
				COPY_PHASE_STRIP = NO;
				DEBUG_INFORMATION_FORMAT = dwarf;
				ENABLE_STRICT_OBJC_MSGSEND = YES;
				ENABLE_TESTABILITY = YES;
				GCC_C_LANGUAGE_STANDARD = gnu11;
				GCC_DYNAMIC_NO_PIC = NO;
				GCC_NO_COMMON_BLOCKS = YES;
				GCC_OPTIMIZATION_LEVEL = 0;
				GCC_PREPROCESSOR_DEFINITIONS = (
					"DEBUG=1",
					"$(inherited)",
				);
				GCC_WARN_64_TO_32_BIT_CONVERSION = YES;
				GCC_WARN_ABOUT_RETURN_TYPE = YES_ERROR;
				GCC_WARN_UNDECLARED_SELECTOR = YES;
				GCC_WARN_UNINITIALIZED_AUTOS = YES_AGGRESSIVE;
				GCC_WARN_UNUSED_FUNCTION = YES;
				GCC_WARN_UNUSED_VARIABLE = YES;
				IPHONEOS_DEPLOYMENT_TARGET = 12.2;
				MTL_ENABLE_DEBUG_INFO = INCLUDE_SOURCE;
				MTL_FAST_MATH = YES;
				ONLY_ACTIVE_ARCH = YES;
				SDKROOT = iphoneos;
				SWIFT_ACTIVE_COMPILATION_CONDITIONS = DEBUG;
				SWIFT_OPTIMIZATION_LEVEL = "-Onone";
			};
			name = Debug;
		};
		18EB655322DF869E005F722B /* Release */ = {
			isa = XCBuildConfiguration;
			buildSettings = {
				ALWAYS_SEARCH_USER_PATHS = NO;
				CLANG_ANALYZER_NONNULL = YES;
				CLANG_ANALYZER_NUMBER_OBJECT_CONVERSION = YES_AGGRESSIVE;
				CLANG_CXX_LANGUAGE_STANDARD = "gnu++14";
				CLANG_CXX_LIBRARY = "libc++";
				CLANG_ENABLE_MODULES = YES;
				CLANG_ENABLE_OBJC_ARC = YES;
				CLANG_ENABLE_OBJC_WEAK = YES;
				CLANG_WARN_BLOCK_CAPTURE_AUTORELEASING = YES;
				CLANG_WARN_BOOL_CONVERSION = YES;
				CLANG_WARN_COMMA = YES;
				CLANG_WARN_CONSTANT_CONVERSION = YES;
				CLANG_WARN_DEPRECATED_OBJC_IMPLEMENTATIONS = YES;
				CLANG_WARN_DIRECT_OBJC_ISA_USAGE = YES_ERROR;
				CLANG_WARN_DOCUMENTATION_COMMENTS = YES;
				CLANG_WARN_EMPTY_BODY = YES;
				CLANG_WARN_ENUM_CONVERSION = YES;
				CLANG_WARN_INFINITE_RECURSION = YES;
				CLANG_WARN_INT_CONVERSION = YES;
				CLANG_WARN_NON_LITERAL_NULL_CONVERSION = YES;
				CLANG_WARN_OBJC_IMPLICIT_RETAIN_SELF = YES;
				CLANG_WARN_OBJC_LITERAL_CONVERSION = YES;
				CLANG_WARN_OBJC_ROOT_CLASS = YES_ERROR;
				CLANG_WARN_RANGE_LOOP_ANALYSIS = YES;
				CLANG_WARN_STRICT_PROTOTYPES = YES;
				CLANG_WARN_SUSPICIOUS_MOVE = YES;
				CLANG_WARN_UNGUARDED_AVAILABILITY = YES_AGGRESSIVE;
				CLANG_WARN_UNREACHABLE_CODE = YES;
				CLANG_WARN__DUPLICATE_METHOD_MATCH = YES;
				CODE_SIGN_IDENTITY = "iPhone Developer";
				COPY_PHASE_STRIP = NO;
				DEBUG_INFORMATION_FORMAT = "dwarf-with-dsym";
				ENABLE_NS_ASSERTIONS = NO;
				ENABLE_STRICT_OBJC_MSGSEND = YES;
				GCC_C_LANGUAGE_STANDARD = gnu11;
				GCC_NO_COMMON_BLOCKS = YES;
				GCC_WARN_64_TO_32_BIT_CONVERSION = YES;
				GCC_WARN_ABOUT_RETURN_TYPE = YES_ERROR;
				GCC_WARN_UNDECLARED_SELECTOR = YES;
				GCC_WARN_UNINITIALIZED_AUTOS = YES_AGGRESSIVE;
				GCC_WARN_UNUSED_FUNCTION = YES;
				GCC_WARN_UNUSED_VARIABLE = YES;
				IPHONEOS_DEPLOYMENT_TARGET = 12.2;
				MTL_ENABLE_DEBUG_INFO = NO;
				MTL_FAST_MATH = YES;
				SDKROOT = iphoneos;
				SWIFT_COMPILATION_MODE = wholemodule;
				SWIFT_OPTIMIZATION_LEVEL = "-O";
				VALIDATE_PRODUCT = YES;
			};
			name = Release;
		};
		18EB655522DF869E005F722B /* Debug */ = {
			isa = XCBuildConfiguration;
			buildSettings = {
				ASSETCATALOG_COMPILER_APPICON_NAME = AppIcon;
				CODE_SIGN_STYLE = Automatic;
				DEVELOPMENT_TEAM = QL7YRR6LGM;
				INFOPLIST_FILE = finalProject/Info.plist;
				LD_RUNPATH_SEARCH_PATHS = (
					"$(inherited)",
					"@executable_path/Frameworks",
				);
				PRODUCT_BUNDLE_IDENTIFIER = KWK.finalProject123;
				PRODUCT_NAME = "$(TARGET_NAME)";
				SWIFT_VERSION = 5.0;
				TARGETED_DEVICE_FAMILY = "1,2";
			};
			name = Debug;
		};
		18EB655622DF869E005F722B /* Release */ = {
			isa = XCBuildConfiguration;
			buildSettings = {
				ASSETCATALOG_COMPILER_APPICON_NAME = AppIcon;
				CODE_SIGN_STYLE = Automatic;
				DEVELOPMENT_TEAM = QL7YRR6LGM;
				INFOPLIST_FILE = finalProject/Info.plist;
				LD_RUNPATH_SEARCH_PATHS = (
					"$(inherited)",
					"@executable_path/Frameworks",
				);
				PRODUCT_BUNDLE_IDENTIFIER = KWK.finalProject123;
				PRODUCT_NAME = "$(TARGET_NAME)";
				SWIFT_VERSION = 5.0;
				TARGETED_DEVICE_FAMILY = "1,2";
			};
			name = Release;
		};
/* End XCBuildConfiguration section */

/* Begin XCConfigurationList section */
		18EB653A22DF869C005F722B /* Build configuration list for PBXProject "finalProject" */ = {
			isa = XCConfigurationList;
			buildConfigurations = (
				18EB655222DF869E005F722B /* Debug */,
				18EB655322DF869E005F722B /* Release */,
			);
			defaultConfigurationIsVisible = 0;
			defaultConfigurationName = Release;
		};
		18EB655422DF869E005F722B /* Build configuration list for PBXNativeTarget "finalProject" */ = {
			isa = XCConfigurationList;
			buildConfigurations = (
				18EB655522DF869E005F722B /* Debug */,
				18EB655622DF869E005F722B /* Release */,
			);
			defaultConfigurationIsVisible = 0;
			defaultConfigurationName = Release;
		};
/* End XCConfigurationList section */

/* Begin XCVersionGroup section */
		18EB654922DF869C005F722B /* finalProject.xcdatamodeld */ = {
			isa = XCVersionGroup;
			children = (
				18EB654A22DF869C005F722B /* finalProject.xcdatamodel */,
			);
			currentVersion = 18EB654A22DF869C005F722B /* finalProject.xcdatamodel */;
			path = finalProject.xcdatamodeld;
			sourceTree = "<group>";
			versionGroupType = wrapper.xcdatamodel;
		};
/* End XCVersionGroup section */
	};
	rootObject = 18EB653722DF869C005F722B /* Project object */;
}
